{
  "name": "rdbr-assignment",
  "version": "1.0.0",
  "lockfileVersion": 2,
  "requires": true,
  "packages": {
    "": {
      "name": "rdbr-assignment",
      "version": "1.0.0",
      "license": "ISC",
      "dependencies": {
        "ionicons": "^6.1.1"
      }
    },
    "node_modules/@stencil/core": {
      "version": "2.22.2",
      "resolved": "https://registry.npmjs.org/@stencil/core/-/core-2.22.2.tgz",
      "integrity": "sha512-r+vbxsGNcBaV1VDOYW25lv4QfXTlNoIb5GpUX7rZ+cr59yqYCZC5tlV+IzX6YgHKW62ulCc9M3RYtTfHtNbNNw==",
      "bin": {
        "stencil": "bin/stencil"
      },
      "engines": {
        "node": ">=12.10.0",
        "npm": ">=6.0.0"
      }
    },
    "node_modules/ionicons": {
      "version": "6.1.1",
      "resolved": "https://registry.npmjs.org/ionicons/-/ionicons-6.1.1.tgz",
      "integrity": "sha512-Qe6mx25DFNwA9UL1rhewI5StI3uD4+BqB2KdvLjyWhtvoUXwyAsmfHLZuDANAHQowIKtTt6BZCt5/g5NIQ635Q==",
      "dependencies": {
        "@stencil/core": "^2.18.0"
      }
    }
  },
  "dependencies": {
    "@stencil/core": {
      "version": "2.22.2",
      "resolved": "https://registry.npmjs.org/@stencil/core/-/core-2.22.2.tgz",
      "integrity": "sha512-r+vbxsGNcBaV1VDOYW25lv4QfXTlNoIb5GpUX7rZ+cr59yqYCZC5tlV+IzX6YgHKW62ulCc9M3RYtTfHtNbNNw=="
    },
    "ionicons": {
      "version": "6.1.1",
      "resolved": "https://registry.npmjs.org/ionicons/-/ionicons-6.1.1.tgz",
      "integrity": "sha512-Qe6mx25DFNwA9UL1rhewI5StI3uD4+BqB2KdvLjyWhtvoUXwyAsmfHLZuDANAHQowIKtTt6BZCt5/g5NIQ635Q==",
      "requires": {
        "@stencil/core": "^2.18.0"
      }
    }
  }
}
